// !$*UTF8*$!
{
	archiveVersion = 1;
	classes = {
	};
	objectVersion = 50;
	objects = {

/* Begin PBXFileReference section */
		6747700725B14221007D140D /* l4_DmitrievSergey.playground */ = {isa = PBXFileReference; lastKnownFileType = file.playground; path = l4_DmitrievSergey.playground; sourceTree = "<group>"; xcLanguageSpecificationIdentifier = xcode.lang.swift; };
/* End PBXFileReference section */

/* Begin PBXGroup section */
		6747700025B141F9007D140D = {
			isa = PBXGroup;
			children = (
				6747700725B14221007D140D /* l4_DmitrievSergey.playground */,
			);
			sourceTree = "<group>";
		};
/* End PBXGroup section */

/* Begin PBXProject section */
		6747700125B141F9007D140D /* Project object */ = {
			isa = PBXProject;
			attributes = {
				LastUpgradeCheck = 1230;
			};
			buildConfigurationList = 6747700425B141F9007D140D /* Build configuration list for PBXProject "lesson4" */;
			compatibilityVersion = "Xcode 9.3";
			developmentRegion = en;
			hasScannedForEncodings = 0;
			knownRegions = (
				en,
				Base,
			);
			mainGroup = 6747700025B141F9007D140D;
			projectDirPath = "";
			projectRoot = "";
			targets = (
			);
		};
/* End PBXProject section */

/* Begin XCBuildConfiguration section */
		6747700525B141F9007D140D /* Debug */ = {
			isa = XCBuildConfiguration;
			buildSettings = {
			};
			name = Debug;
		};
		6747700625B141F9007D140D /* Release */ = {
			isa = XCBuildConfiguration;
			buildSettings = {
			};
			name = Release;
		};
/* End XCBuildConfiguration section */

/* Begin XCConfigurationList section */
		6747700425B141F9007D140D /* Build configuration list for PBXProject "lesson4" */ = {
			isa = XCConfigurationList;
			buildConfigurations = (
				6747700525B141F9007D140D /* Debug */,
				6747700625B141F9007D140D /* Release */,
			);
			defaultConfigurationIsVisible = 0;
			defaultConfigurationName = Release;
		};
/* End XCConfigurationList section */
	};
	rootObject = 6747700125B141F9007D140D /* Project object */;
}
